
Microsoft Visual Studio Solution File, Format Version 12.00
# Visual Studio Version 17
VisualStudioVersion = 17.4.33213.308
MinimumVisualStudioVersion = 10.0.40219.1
Project("{FAE04EC0-301F-11D3-BF4B-00C04F79EFBC}") = "PSamples", "PSamples\PSamples.csproj", "{2C7C5E88-C9AB-4D3A-B50D-57D864A84E76}"
EndProject
Project("{FAE04EC0-301F-11D3-BF4B-00C04F79EFBC}") = "UnitTestProject1", "UnitTestProject1\UnitTestProject1.csproj", "{F931ECA9-CDC6-43F8-85F9-CEC559302089}"
EndProject
Project("{9A19103F-16F7-4668-BE54-9A1E7A4F7556}") = "DelegateCommandSample", "DelegateCommandSample\DelegateCommandSample.csproj", "{FA3A4373-C801-4BEB-9B4A-F130391A6ECD}"
EndProject
Project("{9A19103F-16F7-4668-BE54-9A1E7A4F7556}") = "BooleanToVisibilityConverter", "BooleanToVisibilityConverter\BooleanToVisibilityConverter.csproj", "{0A4CA150-F966-417F-9C31-93EF942CB90E}"
EndProject
Project("{9A19103F-16F7-4668-BE54-9A1E7A4F7556}") = "EventSample", "EventSample\EventSample.csproj", "{CA84AFB4-87FF-47DA-BFF2-BDB5272C1971}"
EndProject
Project("{9A19103F-16F7-4668-BE54-9A1E7A4F7556}") = "DataBindSample_01_DataContext", "DataBindSamples\DataBindSample_01_DataContext.csproj", "{39180982-7B3C-407B-84D7-689CE9CB37A9}"
EndProject
Project("{9A19103F-16F7-4668-BE54-9A1E7A4F7556}") = "DataBindSample_02_ItemSource", "DataBindSample_02\DataBindSample_02_ItemSource.csproj", "{7AF64C7F-81AB-4CC7-B6C4-204207565580}"
EndProject
Project("{9A19103F-16F7-4668-BE54-9A1E7A4F7556}") = "DataBindSample_03_UserControl", "DataBindSample_03_UserControl\DataBindSample_03_UserControl.csproj", "{CAECAE4E-CFDA-4AD5-B6B4-D6109167A06B}"
EndProject
Project("{FAE04EC0-301F-11D3-BF4B-00C04F79EFBC}") = "ItemsControlBasic", "ItemsControlBasic\ItemsControlBasic.csproj", "{490562D0-2524-43B3-841E-4421EB730A7A}"
EndProject
Project("{FAE04EC0-301F-11D3-BF4B-00C04F79EFBC}") = "StyleAndTriggerBasic_01", "StyleAndTriggerBasic\StyleAndTriggerBasic_01.csproj", "{C93A43FC-DEB6-4B28-B924-E0685793D896}"
EndProject
Project("{FAE04EC0-301F-11D3-BF4B-00C04F79EFBC}") = "StyleAndTriggerBasic_02", "StyleAndTriggerBasic_02\StyleAndTriggerBasic_02.csproj", "{098287B1-D940-4454-B03F-C8044E754D17}"
EndProject
Project("{FAE04EC0-301F-11D3-BF4B-00C04F79EFBC}") = "StyleAndTriggerBasic_03", "StyleAndTriggerBasic_03\StyleAndTriggerBasic_03.csproj", "{740AA3C7-CAFA-47BC-B631-69F2E28C0E88}"
EndProject
Project("{FAE04EC0-301F-11D3-BF4B-00C04F79EFBC}") = "StyleAndTriggerBasic_04_ControlTemplate", "StyleAndTriggerBasic_04_ControlTemplate\StyleAndTriggerBasic_04_ControlTemplate.csproj", "{B41E13F5-A1A8-43BD-B6C5-24ED68FF977C}"
EndProject
Project("{FAE04EC0-301F-11D3-BF4B-00C04F79EFBC}") = "StyleAndTriggerBasic_05_DataTemplate", "StyleAndTriggerBasic_05_DataTemplate\StyleAndTriggerBasic_05_DataTemplate.csproj", "{702C70AD-13EF-4D48-BBF4-E5CEAA5CC16D}"
EndProject
Global
	GlobalSection(SolutionConfigurationPlatforms) = preSolution
		Debug|Any CPU = Debug|Any CPU
		Release|Any CPU = Release|Any CPU
	EndGlobalSection
	GlobalSection(ProjectConfigurationPlatforms) = postSolution
		{2C7C5E88-C9AB-4D3A-B50D-57D864A84E76}.Debug|Any CPU.ActiveCfg = Debug|Any CPU
		{2C7C5E88-C9AB-4D3A-B50D-57D864A84E76}.Debug|Any CPU.Build.0 = Debug|Any CPU
		{2C7C5E88-C9AB-4D3A-B50D-57D864A84E76}.Release|Any CPU.ActiveCfg = Release|Any CPU
		{2C7C5E88-C9AB-4D3A-B50D-57D864A84E76}.Release|Any CPU.Build.0 = Release|Any CPU
		{F931ECA9-CDC6-43F8-85F9-CEC559302089}.Debug|Any CPU.ActiveCfg = Debug|Any CPU
		{F931ECA9-CDC6-43F8-85F9-CEC559302089}.Debug|Any CPU.Build.0 = Debug|Any CPU
		{F931ECA9-CDC6-43F8-85F9-CEC559302089}.Release|Any CPU.ActiveCfg = Release|Any CPU
		{F931ECA9-CDC6-43F8-85F9-CEC559302089}.Release|Any CPU.Build.0 = Release|Any CPU
		{FA3A4373-C801-4BEB-9B4A-F130391A6ECD}.Debug|Any CPU.ActiveCfg = Debug|Any CPU
		{FA3A4373-C801-4BEB-9B4A-F130391A6ECD}.Debug|Any CPU.Build.0 = Debug|Any CPU
		{FA3A4373-C801-4BEB-9B4A-F130391A6ECD}.Release|Any CPU.ActiveCfg = Release|Any CPU
		{FA3A4373-C801-4BEB-9B4A-F130391A6ECD}.Release|Any CPU.Build.0 = Release|Any CPU
		{0A4CA150-F966-417F-9C31-93EF942CB90E}.Debug|Any CPU.ActiveCfg = Debug|Any CPU
		{0A4CA150-F966-417F-9C31-93EF942CB90E}.Debug|Any CPU.Build.0 = Debug|Any CPU
		{0A4CA150-F966-417F-9C31-93EF942CB90E}.Release|Any CPU.ActiveCfg = Release|Any CPU
		{0A4CA150-F966-417F-9C31-93EF942CB90E}.Release|Any CPU.Build.0 = Release|Any CPU
		{CA84AFB4-87FF-47DA-BFF2-BDB5272C1971}.Debug|Any CPU.ActiveCfg = Debug|Any CPU
		{CA84AFB4-87FF-47DA-BFF2-BDB5272C1971}.Debug|Any CPU.Build.0 = Debug|Any CPU
		{CA84AFB4-87FF-47DA-BFF2-BDB5272C1971}.Release|Any CPU.ActiveCfg = Release|Any CPU
		{CA84AFB4-87FF-47DA-BFF2-BDB5272C1971}.Release|Any CPU.Build.0 = Release|Any CPU
		{39180982-7B3C-407B-84D7-689CE9CB37A9}.Debug|Any CPU.ActiveCfg = Debug|Any CPU
		{39180982-7B3C-407B-84D7-689CE9CB37A9}.Debug|Any CPU.Build.0 = Debug|Any CPU
		{39180982-7B3C-407B-84D7-689CE9CB37A9}.Release|Any CPU.ActiveCfg = Release|Any CPU
		{39180982-7B3C-407B-84D7-689CE9CB37A9}.Release|Any CPU.Build.0 = Release|Any CPU
		{7AF64C7F-81AB-4CC7-B6C4-204207565580}.Debug|Any CPU.ActiveCfg = Debug|Any CPU
		{7AF64C7F-81AB-4CC7-B6C4-204207565580}.Debug|Any CPU.Build.0 = Debug|Any CPU
		{7AF64C7F-81AB-4CC7-B6C4-204207565580}.Release|Any CPU.ActiveCfg = Release|Any CPU
		{7AF64C7F-81AB-4CC7-B6C4-204207565580}.Release|Any CPU.Build.0 = Release|Any CPU
		{CAECAE4E-CFDA-4AD5-B6B4-D6109167A06B}.Debug|Any CPU.ActiveCfg = Debug|Any CPU
		{CAECAE4E-CFDA-4AD5-B6B4-D6109167A06B}.Debug|Any CPU.Build.0 = Debug|Any CPU
		{CAECAE4E-CFDA-4AD5-B6B4-D6109167A06B}.Release|Any CPU.ActiveCfg = Release|Any CPU
		{CAECAE4E-CFDA-4AD5-B6B4-D6109167A06B}.Release|Any CPU.Build.0 = Release|Any CPU
		{490562D0-2524-43B3-841E-4421EB730A7A}.Debug|Any CPU.ActiveCfg = Debug|Any CPU
		{490562D0-2524-43B3-841E-4421EB730A7A}.Debug|Any CPU.Build.0 = Debug|Any CPU
		{490562D0-2524-43B3-841E-4421EB730A7A}.Release|Any CPU.ActiveCfg = Release|Any CPU
		{490562D0-2524-43B3-841E-4421EB730A7A}.Release|Any CPU.Build.0 = Release|Any CPU
		{C93A43FC-DEB6-4B28-B924-E0685793D896}.Debug|Any CPU.ActiveCfg = Debug|Any CPU
		{C93A43FC-DEB6-4B28-B924-E0685793D896}.Debug|Any CPU.Build.0 = Debug|Any CPU
		{C93A43FC-DEB6-4B28-B924-E0685793D896}.Release|Any CPU.ActiveCfg = Release|Any CPU
		{C93A43FC-DEB6-4B28-B924-E0685793D896}.Release|Any CPU.Build.0 = Release|Any CPU
		{098287B1-D940-4454-B03F-C8044E754D17}.Debug|Any CPU.ActiveCfg = Debug|Any CPU
		{098287B1-D940-4454-B03F-C8044E754D17}.Debug|Any CPU.Build.0 = Debug|Any CPU
		{098287B1-D940-4454-B03F-C8044E754D17}.Release|Any CPU.ActiveCfg = Release|Any CPU
		{098287B1-D940-4454-B03F-C8044E754D17}.Release|Any CPU.Build.0 = Release|Any CPU
		{740AA3C7-CAFA-47BC-B631-69F2E28C0E88}.Debug|Any CPU.ActiveCfg = Debug|Any CPU
		{740AA3C7-CAFA-47BC-B631-69F2E28C0E88}.Debug|Any CPU.Build.0 = Debug|Any CPU
		{740AA3C7-CAFA-47BC-B631-69F2E28C0E88}.Release|Any CPU.ActiveCfg = Release|Any CPU
		{740AA3C7-CAFA-47BC-B631-69F2E28C0E88}.Release|Any CPU.Build.0 = Release|Any CPU
		{B41E13F5-A1A8-43BD-B6C5-24ED68FF977C}.Debug|Any CPU.ActiveCfg = Debug|Any CPU
		{B41E13F5-A1A8-43BD-B6C5-24ED68FF977C}.Debug|Any CPU.Build.0 = Debug|Any CPU
		{B41E13F5-A1A8-43BD-B6C5-24ED68FF977C}.Release|Any CPU.ActiveCfg = Release|Any CPU
		{B41E13F5-A1A8-43BD-B6C5-24ED68FF977C}.Release|Any CPU.Build.0 = Release|Any CPU
		{702C70AD-13EF-4D48-BBF4-E5CEAA5CC16D}.Debug|Any CPU.ActiveCfg = Debug|Any CPU
		{702C70AD-13EF-4D48-BBF4-E5CEAA5CC16D}.Debug|Any CPU.Build.0 = Debug|Any CPU
		{702C70AD-13EF-4D48-BBF4-E5CEAA5CC16D}.Release|Any CPU.ActiveCfg = Release|Any CPU
		{702C70AD-13EF-4D48-BBF4-E5CEAA5CC16D}.Release|Any CPU.Build.0 = Release|Any CPU
	EndGlobalSection
	GlobalSection(SolutionProperties) = preSolution
		HideSolutionNode = FALSE
	EndGlobalSection
	GlobalSection(ExtensibilityGlobals) = postSolution
		SolutionGuid = {F09977D2-2165-4327-8398-6AA2C25F4D86}
	EndGlobalSection
EndGlobal
